
Microsoft Visual Studio Solution File, Format Version 12.00
# Visual Studio Version 17
VisualStudioVersion = 17.0.31903.59
MinimumVisualStudioVersion = 10.0.40219.1
Project("{FAE04EC0-301F-11D3-BF4B-00C04F79EFBC}") = "conceitosBasicos", "conceitosBasicos\conceitosBasicos.csproj", "{97C4B704-E2E2-476A-94E6-67F96DF5DD25}"
EndProject
Project("{2150E333-8FDC-42A3-9474-1A3956D46DE8}") = "desafios", "desafios", "{101DF971-9C0E-D225-BDEE-862DB552B61C}"
EndProject
Project("{FAE04EC0-301F-11D3-BF4B-00C04F79EFBC}") = "desafio1", "desafios\desafio1\desafio1.csproj", "{2A8A055E-3658-4B8E-A64A-73D8D927A539}"
EndProject
Project("{FAE04EC0-301F-11D3-BF4B-00C04F79EFBC}") = "desafio2", "desafios\desafio2\desafio2.csproj", "{70B79B52-0CD4-40CB-BC3E-5219000DD97F}"
EndProject
Project("{FAE04EC0-301F-11D3-BF4B-00C04F79EFBC}") = "desafio3", "desafios\desafio3\desafio3.csproj", "{96C68D60-B9D1-4ED1-AE8D-0EDA40E7C544}"
EndProject
Project("{FAE04EC0-301F-11D3-BF4B-00C04F79EFBC}") = "desafio4", "desafios\desafio4\desafio4.csproj", "{07B9DA07-6439-49D2-B35C-9085F8041919}"
EndProject
Project("{FAE04EC0-301F-11D3-BF4B-00C04F79EFBC}") = "desafio5", "desafios\desafio5\desafio5.csproj", "{CEAA7699-D1CD-4875-B547-F5E8D10C3657}"
EndProject
Project("{FAE04EC0-301F-11D3-BF4B-00C04F79EFBC}") = "desafio11", "desafios\desafio11\desafio11.csproj", "{FD07951C-E541-471B-8DD5-DCD4FC4DBFF7}"
EndProject
Project("{FAE04EC0-301F-11D3-BF4B-00C04F79EFBC}") = "desafio12", "desafios\desafio12\desafio12.csproj", "{5539C543-2752-4903-8857-05211EDF3BD2}"
EndProject
Global
	GlobalSection(SolutionConfigurationPlatforms) = preSolution
		Debug|Any CPU = Debug|Any CPU
		Debug|x64 = Debug|x64
		Debug|x86 = Debug|x86
		Release|Any CPU = Release|Any CPU
		Release|x64 = Release|x64
		Release|x86 = Release|x86
	EndGlobalSection
	GlobalSection(ProjectConfigurationPlatforms) = postSolution
		{97C4B704-E2E2-476A-94E6-67F96DF5DD25}.Debug|Any CPU.ActiveCfg = Debug|Any CPU
		{97C4B704-E2E2-476A-94E6-67F96DF5DD25}.Debug|Any CPU.Build.0 = Debug|Any CPU
		{97C4B704-E2E2-476A-94E6-67F96DF5DD25}.Debug|x64.ActiveCfg = Debug|Any CPU
		{97C4B704-E2E2-476A-94E6-67F96DF5DD25}.Debug|x64.Build.0 = Debug|Any CPU
		{97C4B704-E2E2-476A-94E6-67F96DF5DD25}.Debug|x86.ActiveCfg = Debug|Any CPU
		{97C4B704-E2E2-476A-94E6-67F96DF5DD25}.Debug|x86.Build.0 = Debug|Any CPU
		{97C4B704-E2E2-476A-94E6-67F96DF5DD25}.Release|Any CPU.ActiveCfg = Release|Any CPU
		{97C4B704-E2E2-476A-94E6-67F96DF5DD25}.Release|Any CPU.Build.0 = Release|Any CPU
		{97C4B704-E2E2-476A-94E6-67F96DF5DD25}.Release|x64.ActiveCfg = Release|Any CPU
		{97C4B704-E2E2-476A-94E6-67F96DF5DD25}.Release|x64.Build.0 = Release|Any CPU
		{97C4B704-E2E2-476A-94E6-67F96DF5DD25}.Release|x86.ActiveCfg = Release|Any CPU
		{97C4B704-E2E2-476A-94E6-67F96DF5DD25}.Release|x86.Build.0 = Release|Any CPU
		{2A8A055E-3658-4B8E-A64A-73D8D927A539}.Debug|Any CPU.ActiveCfg = Debug|Any CPU
		{2A8A055E-3658-4B8E-A64A-73D8D927A539}.Debug|Any CPU.Build.0 = Debug|Any CPU
		{2A8A055E-3658-4B8E-A64A-73D8D927A539}.Debug|x64.ActiveCfg = Debug|Any CPU
		{2A8A055E-3658-4B8E-A64A-73D8D927A539}.Debug|x64.Build.0 = Debug|Any CPU
		{2A8A055E-3658-4B8E-A64A-73D8D927A539}.Debug|x86.ActiveCfg = Debug|Any CPU
		{2A8A055E-3658-4B8E-A64A-73D8D927A539}.Debug|x86.Build.0 = Debug|Any CPU
		{2A8A055E-3658-4B8E-A64A-73D8D927A539}.Release|Any CPU.ActiveCfg = Release|Any CPU
		{2A8A055E-3658-4B8E-A64A-73D8D927A539}.Release|Any CPU.Build.0 = Release|Any CPU
		{2A8A055E-3658-4B8E-A64A-73D8D927A539}.Release|x64.ActiveCfg = Release|Any CPU
		{2A8A055E-3658-4B8E-A64A-73D8D927A539}.Release|x64.Build.0 = Release|Any CPU
		{2A8A055E-3658-4B8E-A64A-73D8D927A539}.Release|x86.ActiveCfg = Release|Any CPU
		{2A8A055E-3658-4B8E-A64A-73D8D927A539}.Release|x86.Build.0 = Release|Any CPU
		{70B79B52-0CD4-40CB-BC3E-5219000DD97F}.Debug|Any CPU.ActiveCfg = Debug|Any CPU
		{70B79B52-0CD4-40CB-BC3E-5219000DD97F}.Debug|Any CPU.Build.0 = Debug|Any CPU
		{70B79B52-0CD4-40CB-BC3E-5219000DD97F}.Debug|x64.ActiveCfg = Debug|Any CPU
		{70B79B52-0CD4-40CB-BC3E-5219000DD97F}.Debug|x64.Build.0 = Debug|Any CPU
		{70B79B52-0CD4-40CB-BC3E-5219000DD97F}.Debug|x86.ActiveCfg = Debug|Any CPU
		{70B79B52-0CD4-40CB-BC3E-5219000DD97F}.Debug|x86.Build.0 = Debug|Any CPU
		{70B79B52-0CD4-40CB-BC3E-5219000DD97F}.Release|Any CPU.ActiveCfg = Release|Any CPU
		{70B79B52-0CD4-40CB-BC3E-5219000DD97F}.Release|Any CPU.Build.0 = Release|Any CPU
		{70B79B52-0CD4-40CB-BC3E-5219000DD97F}.Release|x64.ActiveCfg = Release|Any CPU
		{70B79B52-0CD4-40CB-BC3E-5219000DD97F}.Release|x64.Build.0 = Release|Any CPU
		{70B79B52-0CD4-40CB-BC3E-5219000DD97F}.Release|x86.ActiveCfg = Release|Any CPU
		{70B79B52-0CD4-40CB-BC3E-5219000DD97F}.Release|x86.Build.0 = Release|Any CPU
		{96C68D60-B9D1-4ED1-AE8D-0EDA40E7C544}.Debug|Any CPU.ActiveCfg = Debug|Any CPU
		{96C68D60-B9D1-4ED1-AE8D-0EDA40E7C544}.Debug|Any CPU.Build.0 = Debug|Any CPU
		{96C68D60-B9D1-4ED1-AE8D-0EDA40E7C544}.Debug|x64.ActiveCfg = Debug|Any CPU
		{96C68D60-B9D1-4ED1-AE8D-0EDA40E7C544}.Debug|x64.Build.0 = Debug|Any CPU
		{96C68D60-B9D1-4ED1-AE8D-0EDA40E7C544}.Debug|x86.ActiveCfg = Debug|Any CPU
		{96C68D60-B9D1-4ED1-AE8D-0EDA40E7C544}.Debug|x86.Build.0 = Debug|Any CPU
		{96C68D60-B9D1-4ED1-AE8D-0EDA40E7C544}.Release|Any CPU.ActiveCfg = Release|Any CPU
		{96C68D60-B9D1-4ED1-AE8D-0EDA40E7C544}.Release|Any CPU.Build.0 = Release|Any CPU
		{96C68D60-B9D1-4ED1-AE8D-0EDA40E7C544}.Release|x64.ActiveCfg = Release|Any CPU
		{96C68D60-B9D1-4ED1-AE8D-0EDA40E7C544}.Release|x64.Build.0 = Release|Any CPU
		{96C68D60-B9D1-4ED1-AE8D-0EDA40E7C544}.Release|x86.ActiveCfg = Release|Any CPU
		{96C68D60-B9D1-4ED1-AE8D-0EDA40E7C544}.Release|x86.Build.0 = Release|Any CPU
		{07B9DA07-6439-49D2-B35C-9085F8041919}.Debug|Any CPU.ActiveCfg = Debug|Any CPU
		{07B9DA07-6439-49D2-B35C-9085F8041919}.Debug|Any CPU.Build.0 = Debug|Any CPU
		{07B9DA07-6439-49D2-B35C-9085F8041919}.Debug|x64.ActiveCfg = Debug|Any CPU
		{07B9DA07-6439-49D2-B35C-9085F8041919}.Debug|x64.Build.0 = Debug|Any CPU
		{07B9DA07-6439-49D2-B35C-9085F8041919}.Debug|x86.ActiveCfg = Debug|Any CPU
		{07B9DA07-6439-49D2-B35C-9085F8041919}.Debug|x86.Build.0 = Debug|Any CPU
		{07B9DA07-6439-49D2-B35C-9085F8041919}.Release|Any CPU.ActiveCfg = Release|Any CPU
		{07B9DA07-6439-49D2-B35C-9085F8041919}.Release|Any CPU.Build.0 = Release|Any CPU
		{07B9DA07-6439-49D2-B35C-9085F8041919}.Release|x64.ActiveCfg = Release|Any CPU
		{07B9DA07-6439-49D2-B35C-9085F8041919}.Release|x64.Build.0 = Release|Any CPU
		{07B9DA07-6439-49D2-B35C-9085F8041919}.Release|x86.ActiveCfg = Release|Any CPU
		{07B9DA07-6439-49D2-B35C-9085F8041919}.Release|x86.Build.0 = Release|Any CPU
		{CEAA7699-D1CD-4875-B547-F5E8D10C3657}.Debug|Any CPU.ActiveCfg = Debug|Any CPU
		{CEAA7699-D1CD-4875-B547-F5E8D10C3657}.Debug|Any CPU.Build.0 = Debug|Any CPU
		{CEAA7699-D1CD-4875-B547-F5E8D10C3657}.Debug|x64.ActiveCfg = Debug|Any CPU
		{CEAA7699-D1CD-4875-B547-F5E8D10C3657}.Debug|x64.Build.0 = Debug|Any CPU
		{CEAA7699-D1CD-4875-B547-F5E8D10C3657}.Debug|x86.ActiveCfg = Debug|Any CPU
		{CEAA7699-D1CD-4875-B547-F5E8D10C3657}.Debug|x86.Build.0 = Debug|Any CPU
		{CEAA7699-D1CD-4875-B547-F5E8D10C3657}.Release|Any CPU.ActiveCfg = Release|Any CPU
		{CEAA7699-D1CD-4875-B547-F5E8D10C3657}.Release|Any CPU.Build.0 = Release|Any CPU
		{CEAA7699-D1CD-4875-B547-F5E8D10C3657}.Release|x64.ActiveCfg = Release|Any CPU
		{CEAA7699-D1CD-4875-B547-F5E8D10C3657}.Release|x64.Build.0 = Release|Any CPU
		{CEAA7699-D1CD-4875-B547-F5E8D10C3657}.Release|x86.ActiveCfg = Release|Any CPU
		{CEAA7699-D1CD-4875-B547-F5E8D10C3657}.Release|x86.Build.0 = Release|Any CPU
		{FD07951C-E541-471B-8DD5-DCD4FC4DBFF7}.Debug|Any CPU.ActiveCfg = Debug|Any CPU
		{FD07951C-E541-471B-8DD5-DCD4FC4DBFF7}.Debug|Any CPU.Build.0 = Debug|Any CPU
		{FD07951C-E541-471B-8DD5-DCD4FC4DBFF7}.Debug|x64.ActiveCfg = Debug|Any CPU
		{FD07951C-E541-471B-8DD5-DCD4FC4DBFF7}.Debug|x64.Build.0 = Debug|Any CPU
		{FD07951C-E541-471B-8DD5-DCD4FC4DBFF7}.Debug|x86.ActiveCfg = Debug|Any CPU
		{FD07951C-E541-471B-8DD5-DCD4FC4DBFF7}.Debug|x86.Build.0 = Debug|Any CPU
		{FD07951C-E541-471B-8DD5-DCD4FC4DBFF7}.Release|Any CPU.ActiveCfg = Release|Any CPU
		{FD07951C-E541-471B-8DD5-DCD4FC4DBFF7}.Release|Any CPU.Build.0 = Release|Any CPU
		{FD07951C-E541-471B-8DD5-DCD4FC4DBFF7}.Release|x64.ActiveCfg = Release|Any CPU
		{FD07951C-E541-471B-8DD5-DCD4FC4DBFF7}.Release|x64.Build.0 = Release|Any CPU
		{FD07951C-E541-471B-8DD5-DCD4FC4DBFF7}.Release|x86.ActiveCfg = Release|Any CPU
		{FD07951C-E541-471B-8DD5-DCD4FC4DBFF7}.Release|x86.Build.0 = Release|Any CPU
		{5539C543-2752-4903-8857-05211EDF3BD2}.Debug|Any CPU.ActiveCfg = Debug|Any CPU
		{5539C543-2752-4903-8857-05211EDF3BD2}.Debug|Any CPU.Build.0 = Debug|Any CPU
		{5539C543-2752-4903-8857-05211EDF3BD2}.Debug|x64.ActiveCfg = Debug|Any CPU
		{5539C543-2752-4903-8857-05211EDF3BD2}.Debug|x64.Build.0 = Debug|Any CPU
		{5539C543-2752-4903-8857-05211EDF3BD2}.Debug|x86.ActiveCfg = Debug|Any CPU
		{5539C543-2752-4903-8857-05211EDF3BD2}.Debug|x86.Build.0 = Debug|Any CPU
		{5539C543-2752-4903-8857-05211EDF3BD2}.Release|Any CPU.ActiveCfg = Release|Any CPU
		{5539C543-2752-4903-8857-05211EDF3BD2}.Release|Any CPU.Build.0 = Release|Any CPU
		{5539C543-2752-4903-8857-05211EDF3BD2}.Release|x64.ActiveCfg = Release|Any CPU
		{5539C543-2752-4903-8857-05211EDF3BD2}.Release|x64.Build.0 = Release|Any CPU
		{5539C543-2752-4903-8857-05211EDF3BD2}.Release|x86.ActiveCfg = Release|Any CPU
		{5539C543-2752-4903-8857-05211EDF3BD2}.Release|x86.Build.0 = Release|Any CPU
	EndGlobalSection
	GlobalSection(SolutionProperties) = preSolution
		HideSolutionNode = FALSE
	EndGlobalSection
	GlobalSection(NestedProjects) = preSolution
		{2A8A055E-3658-4B8E-A64A-73D8D927A539} = {101DF971-9C0E-D225-BDEE-862DB552B61C}
		{70B79B52-0CD4-40CB-BC3E-5219000DD97F} = {101DF971-9C0E-D225-BDEE-862DB552B61C}
		{96C68D60-B9D1-4ED1-AE8D-0EDA40E7C544} = {101DF971-9C0E-D225-BDEE-862DB552B61C}
		{07B9DA07-6439-49D2-B35C-9085F8041919} = {101DF971-9C0E-D225-BDEE-862DB552B61C}
		{CEAA7699-D1CD-4875-B547-F5E8D10C3657} = {101DF971-9C0E-D225-BDEE-862DB552B61C}
		{FD07951C-E541-471B-8DD5-DCD4FC4DBFF7} = {101DF971-9C0E-D225-BDEE-862DB552B61C}
		{5539C543-2752-4903-8857-05211EDF3BD2} = {101DF971-9C0E-D225-BDEE-862DB552B61C}
	EndGlobalSection
EndGlobal
